// !$*UTF8*$!
{
	archiveVersion = 1;
	classes = {
	};
	objectVersion = 46;
	objects = {

/* Begin PBXBuildFile section */
		16972B4E20E69CFE00547680 /* AppDelegate.swift in Sources */ = {isa = PBXBuildFile; fileRef = 16972B4D20E69CFE00547680 /* AppDelegate.swift */; };
		16972B5020E69CFE00547680 /* ViewController.swift in Sources */ = {isa = PBXBuildFile; fileRef = 16972B4F20E69CFE00547680 /* ViewController.swift */; };
		16972B5320E69CFE00547680 /* Main.storyboard in Resources */ = {isa = PBXBuildFile; fileRef = 16972B5120E69CFE00547680 /* Main.storyboard */; };
		16972B5520E69CFE00547680 /* Assets.xcassets in Resources */ = {isa = PBXBuildFile; fileRef = 16972B5420E69CFE00547680 /* Assets.xcassets */; };
		16972B5820E69CFE00547680 /* LaunchScreen.storyboard in Resources */ = {isa = PBXBuildFile; fileRef = 16972B5620E69CFE00547680 /* LaunchScreen.storyboard */; };
/* End PBXBuildFile section */

/* Begin PBXFileReference section */
		16972B4A20E69CFE00547680 /* pruebaicon.app */ = {isa = PBXFileReference; explicitFileType = wrapper.application; includeInIndex = 0; path = pruebaicon.app; sourceTree = BUILT_PRODUCTS_DIR; };
		16972B4D20E69CFE00547680 /* AppDelegate.swift */ = {isa = PBXFileReference; lastKnownFileType = sourcecode.swift; path = AppDelegate.swift; sourceTree = "<group>"; };
		16972B4F20E69CFE00547680 /* ViewController.swift */ = {isa = PBXFileReference; lastKnownFileType = sourcecode.swift; path = ViewController.swift; sourceTree = "<group>"; };
		16972B5220E69CFE00547680 /* Base */ = {isa = PBXFileReference; lastKnownFileType = file.storyboard; name = Base; path = Base.lproj/Main.storyboard; sourceTree = "<group>"; };
		16972B5420E69CFE00547680 /* Assets.xcassets */ = {isa = PBXFileReference; lastKnownFileType = folder.assetcatalog; path = Assets.xcassets; sourceTree = "<group>"; };
		16972B5720E69CFE00547680 /* Base */ = {isa = PBXFileReference; lastKnownFileType = file.storyboard; name = Base; path = Base.lproj/LaunchScreen.storyboard; sourceTree = "<group>"; };
		16972B5920E69CFE00547680 /* Info.plist */ = {isa = PBXFileReference; lastKnownFileType = text.plist.xml; path = Info.plist; sourceTree = "<group>"; };
/* End PBXFileReference section */

/* Begin PBXFrameworksBuildPhase section */
		16972B4720E69CFE00547680 /* Frameworks */ = {
			isa = PBXFrameworksBuildPhase;
			buildActionMask = 2147483647;
			files = (
			);
			runOnlyForDeploymentPostprocessing = 0;
		};
/* End PBXFrameworksBuildPhase section */

/* Begin PBXGroup section */
		16972B4120E69CFE00547680 = {
			isa = PBXGroup;
			children = (
				16972B4C20E69CFE00547680 /* pruebaicon */,
				16972B4B20E69CFE00547680 /* Products */,
			);
			sourceTree = "<group>";
		};
		16972B4B20E69CFE00547680 /* Products */ = {
			isa = PBXGroup;
			children = (
				16972B4A20E69CFE00547680 /* pruebaicon.app */,
			);
			name = Products;
			sourceTree = "<group>";
		};
		16972B4C20E69CFE00547680 /* pruebaicon */ = {
			isa = PBXGroup;
			children = (
				16972B4D20E69CFE00547680 /* AppDelegate.swift */,
				16972B4F20E69CFE00547680 /* ViewController.swift */,
				16972B5120E69CFE00547680 /* Main.storyboard */,
				16972B5420E69CFE00547680 /* Assets.xcassets */,
				16972B5620E69CFE00547680 /* LaunchScreen.storyboard */,
				16972B5920E69CFE00547680 /* Info.plist */,
			);
			path = pruebaicon;
			sourceTree = "<group>";
		};
/* End PBXGroup section */

/* Begin PBXNativeTarget section */
		16972B4920E69CFE00547680 /* pruebaicon */ = {
			isa = PBXNativeTarget;
			buildConfigurationList = 16972B5C20E69CFE00547680 /* Build configuration list for PBXNativeTarget "pruebaicon" */;
			buildPhases = (
				16972B4620E69CFE00547680 /* Sources */,
				16972B4720E69CFE00547680 /* Frameworks */,
				16972B4820E69CFE00547680 /* Resources */,
			);
			buildRules = (
			);
			dependencies = (
			);
			name = pruebaicon;
			productName = pruebaicon;
			productReference = 16972B4A20E69CFE00547680 /* pruebaicon.app */;
			productType = "com.apple.product-type.application";
		};
/* End PBXNativeTarget section */

/* Begin PBXProject section */
		16972B4220E69CFE00547680 /* Project object */ = {
			isa = PBXProject;
			attributes = {
				LastSwiftUpdateCheck = 0830;
				LastUpgradeCheck = 0830;
				ORGANIZATIONNAME = "Ing. Eduardo Cohen D.";
				TargetAttributes = {
					16972B4920E69CFE00547680 = {
						CreatedOnToolsVersion = 8.3.2;
						DevelopmentTeam = JLHMRWYUVB;
						ProvisioningStyle = Automatic;
					};
				};
			};
			buildConfigurationList = 16972B4520E69CFE00547680 /* Build configuration list for PBXProject "pruebaicon" */;
			compatibilityVersion = "Xcode 3.2";
			developmentRegion = English;
			hasScannedForEncodings = 0;
			knownRegions = (
				en,
				Base,
			);
			mainGroup = 16972B4120E69CFE00547680;
			productRefGroup = 16972B4B20E69CFE00547680 /* Products */;
			projectDirPath = "";
			projectRoot = "";
			targets = (
				16972B4920E69CFE00547680 /* pruebaicon */,
			);
		};
/* End PBXProject section */

/* Begin PBXResourcesBuildPhase section */
		16972B4820E69CFE00547680 /* Resources */ = {
			isa = PBXResourcesBuildPhase;
			buildActionMask = 2147483647;
			files = (
				16972B5820E69CFE00547680 /* LaunchScreen.storyboard in Resources */,
				16972B5520E69CFE00547680 /* Assets.xcassets in Resources */,
				16972B5320E69CFE00547680 /* Main.storyboard in Resources */,
			);
			runOnlyForDeploymentPostprocessing = 0;
		};
/* End PBXResourcesBuildPhase section */

/* Begin PBXSourcesBuildPhase section */
		16972B4620E69CFE00547680 /* Sources */ = {
			isa = PBXSourcesBuildPhase;
			buildActionMask = 2147483647;
			files = (
				16972B5020E69CFE00547680 /* ViewController.swift in Sources */,
				16972B4E20E69CFE00547680 /* AppDelegate.swift in Sources */,
			);
			runOnlyForDeploymentPostprocessing = 0;
		};
/* End PBXSourcesBuildPhase section */

/* Begin PBXVariantGroup section */
		16972B5120E69CFE00547680 /* Main.storyboard */ = {
			isa = PBXVariantGroup;
			children = (
				16972B5220E69CFE00547680 /* Base */,
			);
			name = Main.storyboard;
			sourceTree = "<group>";
		};
		16972B5620E69CFE00547680 /* LaunchScreen.storyboard */ = {
			isa = PBXVariantGroup;
			children = (
				16972B5720E69CFE00547680 /* Base */,
			);
			name = LaunchScreen.storyboard;
			sourceTree = "<group>";
		};
/* End PBXVariantGroup section */

/* Begin XCBuildConfiguration section */
		16972B5A20E69CFE00547680 /* Debug */ = {
			isa = XCBuildConfiguration;
			buildSettings = {
				ALWAYS_SEARCH_USER_PATHS = NO;
				CLANG_ANALYZER_NONNULL = YES;
				CLANG_ANALYZER_NUMBER_OBJECT_CONVERSION = YES_AGGRESSIVE;
				CLANG_CXX_LANGUAGE_STANDARD = "gnu++0x";
				CLANG_CXX_LIBRARY = "libc++";
				CLANG_ENABLE_MODULES = YES;
				CLANG_ENABLE_OBJC_ARC = YES;
				CLANG_WARN_BOOL_CONVERSION = YES;
				CLANG_WARN_CONSTANT_CONVERSION = YES;
				CLANG_WARN_DIRECT_OBJC_ISA_USAGE = YES_ERROR;
				CLANG_WARN_DOCUMENTATION_COMMENTS = YES;
				CLANG_WARN_EMPTY_BODY = YES;
				CLANG_WARN_ENUM_CONVERSION = YES;
				CLANG_WARN_INFINITE_RECURSION = YES;
				CLANG_WARN_INT_CONVERSION = YES;
				CLANG_WARN_OBJC_ROOT_CLASS = YES_ERROR;
				CLANG_WARN_SUSPICIOUS_MOVE = YES;
				CLANG_WARN_UNREACHABLE_CODE = YES;
				CLANG_WARN__DUPLICATE_METHOD_MATCH = YES;
				"CODE_SIGN_IDENTITY[sdk=iphoneos*]" = "iPhone Developer";
				COPY_PHASE_STRIP = NO;
				DEBUG_INFORMATION_FORMAT = dwarf;
				ENABLE_STRICT_OBJC_MSGSEND = YES;
				ENABLE_TESTABILITY = YES;
				GCC_C_LANGUAGE_STANDARD = gnu99;
				GCC_DYNAMIC_NO_PIC = NO;
				GCC_NO_COMMON_BLOCKS = YES;
				GCC_OPTIMIZATION_LEVEL = 0;
				GCC_PREPROCESSOR_DEFINITIONS = (
					"DEBUG=1",
					"$(inherited)",
				);
				GCC_WARN_64_TO_32_BIT_CONVERSION = YES;
				GCC_WARN_ABOUT_RETURN_TYPE = YES_ERROR;
				GCC_WARN_UNDECLARED_SELECTOR = YES;
				GCC_WARN_UNINITIALIZED_AUTOS = YES_AGGRESSIVE;
				GCC_WARN_UNUSED_FUNCTION = YES;
				GCC_WARN_UNUSED_VARIABLE = YES;
				IPHONEOS_DEPLOYMENT_TARGET = 10.3;
				MTL_ENABLE_DEBUG_INFO = YES;
				ONLY_ACTIVE_ARCH = YES;
				SDKROOT = iphoneos;
				SWIFT_ACTIVE_COMPILATION_CONDITIONS = DEBUG;
				SWIFT_OPTIMIZATION_LEVEL = "-Onone";
				TARGETED_DEVICE_FAMILY = "1,2";
			};
			name = Debug;
		};
		16972B5B20E69CFE00547680 /* Release */ = {
			isa = XCBuildConfiguration;
			buildSettings = {
				ALWAYS_SEARCH_USER_PATHS = NO;
				CLANG_ANALYZER_NONNULL = YES;
				CLANG_ANALYZER_NUMBER_OBJECT_CONVERSION = YES_AGGRESSIVE;
				CLANG_CXX_LANGUAGE_STANDARD = "gnu++0x";
				CLANG_CXX_LIBRARY = "libc++";
				CLANG_ENABLE_MODULES = YES;
				CLANG_ENABLE_OBJC_ARC = YES;
				CLANG_WARN_BOOL_CONVERSION = YES;
				CLANG_WARN_CONSTANT_CONVERSION = YES;
				CLANG_WARN_DIRECT_OBJC_ISA_USAGE = YES_ERROR;
				CLANG_WARN_DOCUMENTATION_COMMENTS = YES;
				CLANG_WARN_EMPTY_BODY = YES;
				CLANG_WARN_ENUM_CONVERSION = YES;
				CLANG_WARN_INFINITE_RECURSION = YES;
				CLANG_WARN_INT_CONVERSION = YES;
				CLANG_WARN_OBJC_ROOT_CLASS = YES_ERROR;
				CLANG_WARN_SUSPICIOUS_MOVE = YES;
				CLANG_WARN_UNREACHABLE_CODE = YES;
				CLANG_WARN__DUPLICATE_METHOD_MATCH = YES;
				"CODE_SIGN_IDENTITY[sdk=iphoneos*]" = "iPhone Developer";
				COPY_PHASE_STRIP = NO;
				DEBUG_INFORMATION_FORMAT = "dwarf-with-dsym";
				ENABLE_NS_ASSERTIONS = NO;
				ENABLE_STRICT_OBJC_MSGSEND = YES;
				GCC_C_LANGUAGE_STANDARD = gnu99;
				GCC_NO_COMMON_BLOCKS = YES;
				GCC_WARN_64_TO_32_BIT_CONVERSION = YES;
				GCC_WARN_ABOUT_RETURN_TYPE = YES_ERROR;
				GCC_WARN_UNDECLARED_SELECTOR = YES;
				GCC_WARN_UNINITIALIZED_AUTOS = YES_AGGRESSIVE;
				GCC_WARN_UNUSED_FUNCTION = YES;
				GCC_WARN_UNUSED_VARIABLE = YES;
				IPHONEOS_DEPLOYMENT_TARGET = 10.3;
				MTL_ENABLE_DEBUG_INFO = NO;
				SDKROOT = iphoneos;
				SWIFT_OPTIMIZATION_LEVEL = "-Owholemodule";
				TARGETED_DEVICE_FAMILY = "1,2";
				VALIDATE_PRODUCT = YES;
			};
			name = Release;
		};
		16972B5D20E69CFE00547680 /* Debug */ = {
			isa = XCBuildConfiguration;
			buildSettings = {
				ASSETCATALOG_COMPILER_APPICON_NAME = AppIcon;
				DEVELOPMENT_TEAM = JLHMRWYUVB;
				INFOPLIST_FILE = pruebaicon/Info.plist;
				LD_RUNPATH_SEARCH_PATHS = "$(inherited) @executable_path/Frameworks";
				PRODUCT_BUNDLE_IDENTIFIER = com.Plantesa.pruebaicon;
				PRODUCT_NAME = "$(TARGET_NAME)";
				SWIFT_VERSION = 3.0;
			};
			name = Debug;
		};
		16972B5E20E69CFE00547680 /* Release */ = {
			isa = XCBuildConfiguration;
			buildSettings = {
				ASSETCATALOG_COMPILER_APPICON_NAME = AppIcon;
				DEVELOPMENT_TEAM = JLHMRWYUVB;
				INFOPLIST_FILE = pruebaicon/Info.plist;
				LD_RUNPATH_SEARCH_PATHS = "$(inherited) @executable_path/Frameworks";
				PRODUCT_BUNDLE_IDENTIFIER = com.Plantesa.pruebaicon;
				PRODUCT_NAME = "$(TARGET_NAME)";
				SWIFT_VERSION = 3.0;
			};
			name = Release;
		};
/* End XCBuildConfiguration section */

/* Begin XCConfigurationList section */
		16972B4520E69CFE00547680 /* Build configuration list for PBXProject "pruebaicon" */ = {
			isa = XCConfigurationList;
			buildConfigurations = (
				16972B5A20E69CFE00547680 /* Debug */,
				16972B5B20E69CFE00547680 /* Release */,
			);
			defaultConfigurationIsVisible = 0;
			defaultConfigurationName = Release;
		};
		16972B5C20E69CFE00547680 /* Build configuration list for PBXNativeTarget "pruebaicon" */ = {
			isa = XCConfigurationList;
			buildConfigurations = (
				16972B5D20E69CFE00547680 /* Debug */,
				16972B5E20E69CFE00547680 /* Release */,
			);
			defaultConfigurationIsVisible = 0;
		};
/* End XCConfigurationList section */
	};
	rootObject = 16972B4220E69CFE00547680 /* Project object */;
}
